PODS:
  - ZFBaseFramework (0.1.1):
    - ZFBaseFramework/ZFAudioPlayerFramework (= 0.1.1)
    - ZFBaseFramework/ZFCategoryFramework (= 0.1.1)
    - ZFBaseFramework/ZFDownLoaderFramework (= 0.1.1)
    - ZFBaseFramework/ZFFoundationFramework (= 0.1.1)
    - ZFBaseFramework/ZFUISegmentBar (= 0.1.1)
  - ZFBaseFramework/ZFAudioPlayerFramework (0.1.1)
  - ZFBaseFramework/ZFCategoryFramework (0.1.1)
  - ZFBaseFramework/ZFDownLoaderFramework (0.1.1):
    - ZFBaseFramework/ZFCategoryFramework
    - ZFBaseFramework/ZFFoundationFramework
  - ZFBaseFramework/ZFFoundationFramework (0.1.1)
  - ZFBaseFramework/ZFUISegmentBar (0.1.1):
    - ZFBaseFramework/ZFCategoryFramework

DEPENDENCIES:
  - ZFBaseFramework (from `../`)

EXTERNAL SOURCES:
  ZFBaseFramework:
    :path: "../"

SPEC CHECKSUMS:
  ZFBaseFramework: 588a2861bb41fc3e942c427617f2d1924b292672

PODFILE CHECKSUM: 5cdb2399ddeb84b1db6c638ae9343aac3f7d75fd

COCOAPODS: 1.5.3
