PODS:
  - ZFBaseFramework (0.1.2):
    - ZFBaseFramework/ZFAudioPlayerFramework (= 0.1.2)
    - ZFBaseFramework/ZFCategoryFramework (= 0.1.2)
    - ZFBaseFramework/ZFDownLoaderFramework (= 0.1.2)
    - ZFBaseFramework/ZFFoundationFramework (= 0.1.2)
    - ZFBaseFramework/ZFUISegmentBar (= 0.1.2)
  - ZFBaseFramework/ZFAudioPlayerFramework (0.1.2)
  - ZFBaseFramework/ZFCategoryFramework (0.1.2)
  - ZFBaseFramework/ZFDownLoaderFramework (0.1.2):
    - ZFBaseFramework/ZFCategoryFramework
    - ZFBaseFramework/ZFFoundationFramework
  - ZFBaseFramework/ZFFoundationFramework (0.1.2)
  - ZFBaseFramework/ZFUISegmentBar (0.1.2):
    - ZFBaseFramework/ZFCategoryFramework

DEPENDENCIES:
  - ZFBaseFramework (from `../`)

EXTERNAL SOURCES:
  ZFBaseFramework:
    :path: "../"

SPEC CHECKSUMS:
  ZFBaseFramework: 68b1ce949dea89d953cfeab9780eeab38062f560

PODFILE CHECKSUM: 5cdb2399ddeb84b1db6c638ae9343aac3f7d75fd

COCOAPODS: 1.5.3
