PODS:
  - Realm (3.13.1):
    - Realm/Headers (= 3.13.1)
  - Realm/Headers (3.13.1)
  - ZFBaseFramework (0.1.3):
    - ZFBaseFramework/ZFAudioPlayerFramework (= 0.1.3)
    - ZFBaseFramework/ZFCategoryFramework (= 0.1.3)
    - ZFBaseFramework/ZFDownLoaderFramework (= 0.1.3)
    - ZFBaseFramework/ZFFoundationFramework (= 0.1.3)
    - ZFBaseFramework/ZFUISegmentBar (= 0.1.3)
  - ZFBaseFramework/ZFAudioPlayerFramework (0.1.3)
  - ZFBaseFramework/ZFCategoryFramework (0.1.3)
  - ZFBaseFramework/ZFDownLoaderFramework (0.1.3):
    - ZFBaseFramework/ZFCategoryFramework
    - ZFBaseFramework/ZFFoundationFramework
  - ZFBaseFramework/ZFFoundationFramework (0.1.3)
  - ZFBaseFramework/ZFUISegmentBar (0.1.3):
    - ZFBaseFramework/ZFCategoryFramework

DEPENDENCIES:
  - Realm (~> 3.13.1)
  - ZFBaseFramework (from `../`)

SPEC REPOS:
  https://github.com/cocoapods/specs.git:
    - Realm

EXTERNAL SOURCES:
  ZFBaseFramework:
    :path: "../"

SPEC CHECKSUMS:
  Realm: 50071da38fe079e0735e47c9f2eae738c68c5996
  ZFBaseFramework: 20288e33fb48a1e98ef744a0a839398fd8daba60

PODFILE CHECKSUM: c71577901628286be5852f98512a90489a8678f7

COCOAPODS: 1.5.3
